
Microsoft Visual Studio Solution File, Format Version 12.00
# Visual Studio Version 17
VisualStudioVersion = 17.8.34525.116
MinimumVisualStudioVersion = 10.0.40219.1
Project("{FAE04EC0-301F-11D3-BF4B-00C04F79EFBC}") = "WinFormsApp1", "WinFormsApp1.csproj", "{7A904B8A-9A63-464D-886C-5415AC19DDA0}"
EndProject
Global
	GlobalSection(SolutionConfigurationPlatforms) = preSolution
		Debug|Any CPU = Debug|Any CPU
		Release|Any CPU = Release|Any CPU
	EndGlobalSection
	GlobalSection(ProjectConfigurationPlatforms) = postSolution
		{7A904B8A-9A63-464D-886C-5415AC19DDA0}.Debug|Any CPU.ActiveCfg = Debug|Any CPU
		{7A904B8A-9A63-464D-886C-5415AC19DDA0}.Debug|Any CPU.Build.0 = Debug|Any CPU
		{7A904B8A-9A63-464D-886C-5415AC19DDA0}.Release|Any CPU.ActiveCfg = Release|Any CPU
		{7A904B8A-9A63-464D-886C-5415AC19DDA0}.Release|Any CPU.Build.0 = Release|Any CPU
	EndGlobalSection
	GlobalSection(SolutionProperties) = preSolution
		HideSolutionNode = FALSE
	EndGlobalSection
	GlobalSection(ExtensibilityGlobals) = postSolution
		SolutionGuid = {C6C4C494-81FF-433F-A8C3-E48915951337}
	EndGlobalSection
EndGlobal
